
Microsoft Visual Studio Solution File, Format Version 12.00
# Visual Studio 2012
Project("{FAE04EC0-301F-11D3-BF4B-00C04F79EFBC}") = "MathWindowsServiceHost", "MathWindowsServiceHost\MathWindowsServiceHost.csproj", "{9E0B0524-5AC9-4EC1-851E-2EC5F0EF24FF}"
EndProject
Project("{FAE04EC0-301F-11D3-BF4B-00C04F79EFBC}") = "MathClient", "MathClient\MathClient.csproj", "{3DBE46D4-CF33-40C8-8FFA-D855B99E138A}"
EndProject
Global
	GlobalSection(SolutionConfigurationPlatforms) = preSolution
		Debug|Any CPU = Debug|Any CPU
		Release|Any CPU = Release|Any CPU
	EndGlobalSection
	GlobalSection(ProjectConfigurationPlatforms) = postSolution
		{9E0B0524-5AC9-4EC1-851E-2EC5F0EF24FF}.Debug|Any CPU.ActiveCfg = Debug|Any CPU
		{9E0B0524-5AC9-4EC1-851E-2EC5F0EF24FF}.Debug|Any CPU.Build.0 = Debug|Any CPU
		{9E0B0524-5AC9-4EC1-851E-2EC5F0EF24FF}.Release|Any CPU.ActiveCfg = Release|Any CPU
		{9E0B0524-5AC9-4EC1-851E-2EC5F0EF24FF}.Release|Any CPU.Build.0 = Release|Any CPU
		{3DBE46D4-CF33-40C8-8FFA-D855B99E138A}.Debug|Any CPU.ActiveCfg = Debug|Any CPU
		{3DBE46D4-CF33-40C8-8FFA-D855B99E138A}.Debug|Any CPU.Build.0 = Debug|Any CPU
		{3DBE46D4-CF33-40C8-8FFA-D855B99E138A}.Release|Any CPU.ActiveCfg = Release|Any CPU
		{3DBE46D4-CF33-40C8-8FFA-D855B99E138A}.Release|Any CPU.Build.0 = Release|Any CPU
	EndGlobalSection
	GlobalSection(SolutionProperties) = preSolution
		HideSolutionNode = FALSE
	EndGlobalSection
EndGlobal
