
Microsoft Visual Studio Solution File, Format Version 12.00
# Visual Studio 15
VisualStudioVersion = 15.0.28307.779
MinimumVisualStudioVersion = 10.0.40219.1
Project("{FAE04EC0-301F-11D3-BF4B-00C04F79EFBC}") = "RenderingWithShapes", "RenderingWithShapes\RenderingWithShapes.csproj", "{CDF8F74B-7FCB-472B-B72E-F904B7284E4D}"
EndProject
Global
	GlobalSection(SolutionConfigurationPlatforms) = preSolution
		Debug|Any CPU = Debug|Any CPU
		Release|Any CPU = Release|Any CPU
	EndGlobalSection
	GlobalSection(ProjectConfigurationPlatforms) = postSolution
		{CDF8F74B-7FCB-472B-B72E-F904B7284E4D}.Debug|Any CPU.ActiveCfg = Debug|Any CPU
		{CDF8F74B-7FCB-472B-B72E-F904B7284E4D}.Debug|Any CPU.Build.0 = Debug|Any CPU
		{CDF8F74B-7FCB-472B-B72E-F904B7284E4D}.Release|Any CPU.ActiveCfg = Release|Any CPU
		{CDF8F74B-7FCB-472B-B72E-F904B7284E4D}.Release|Any CPU.Build.0 = Release|Any CPU
	EndGlobalSection
	GlobalSection(SolutionProperties) = preSolution
		HideSolutionNode = FALSE
	EndGlobalSection
	GlobalSection(ExtensibilityGlobals) = postSolution
		SolutionGuid = {1A5163B7-525D-422A-9495-6FA896C54A81}
	EndGlobalSection
EndGlobal
