
Microsoft Visual Studio Solution File, Format Version 12.00
# Visual Studio 15
VisualStudioVersion = 15.0.28307.779
MinimumVisualStudioVersion = 10.0.40219.1
Project("{FAE04EC0-301F-11D3-BF4B-00C04F79EFBC}") = "ObjectResourcesApp", "ObjectResourcesApp\ObjectResourcesApp.csproj", "{8FAAC310-2EA9-4E15-9DC3-2602A812CFCD}"
EndProject
Project("{FAE04EC0-301F-11D3-BF4B-00C04F79EFBC}") = "MyBrushesLibrary", "MyBrushesLibrary\MyBrushesLibrary.csproj", "{05F87AE7-660B-4248-949A-E8E574FE1E0E}"
EndProject
Global
	GlobalSection(SolutionConfigurationPlatforms) = preSolution
		Debug|Any CPU = Debug|Any CPU
		Release|Any CPU = Release|Any CPU
	EndGlobalSection
	GlobalSection(ProjectConfigurationPlatforms) = postSolution
		{8FAAC310-2EA9-4E15-9DC3-2602A812CFCD}.Debug|Any CPU.ActiveCfg = Debug|Any CPU
		{8FAAC310-2EA9-4E15-9DC3-2602A812CFCD}.Debug|Any CPU.Build.0 = Debug|Any CPU
		{8FAAC310-2EA9-4E15-9DC3-2602A812CFCD}.Release|Any CPU.ActiveCfg = Release|Any CPU
		{8FAAC310-2EA9-4E15-9DC3-2602A812CFCD}.Release|Any CPU.Build.0 = Release|Any CPU
		{05F87AE7-660B-4248-949A-E8E574FE1E0E}.Debug|Any CPU.ActiveCfg = Debug|Any CPU
		{05F87AE7-660B-4248-949A-E8E574FE1E0E}.Debug|Any CPU.Build.0 = Debug|Any CPU
		{05F87AE7-660B-4248-949A-E8E574FE1E0E}.Release|Any CPU.ActiveCfg = Release|Any CPU
		{05F87AE7-660B-4248-949A-E8E574FE1E0E}.Release|Any CPU.Build.0 = Release|Any CPU
	EndGlobalSection
	GlobalSection(SolutionProperties) = preSolution
		HideSolutionNode = FALSE
	EndGlobalSection
	GlobalSection(ExtensibilityGlobals) = postSolution
		SolutionGuid = {DDC34C90-102D-4B65-8AD9-F5EF45343D38}
	EndGlobalSection
EndGlobal
