
Microsoft Visual Studio Solution File, Format Version 12.00
# Visual Studio 15
VisualStudioVersion = 15.0.28307.779
MinimumVisualStudioVersion = 10.0.40219.1
Project("{FAE04EC0-301F-11D3-BF4B-00C04F79EFBC}") = "WPFControlsAndAPIs", "WPFControlsAndAPIs\WPFControlsAndAPIs.csproj", "{F4D0665F-A570-4429-867C-66AAFB88BC4F}"
EndProject
Project("{FAE04EC0-301F-11D3-BF4B-00C04F79EFBC}") = "AutoLotDALEF", "..\..\..\Visual Studio 2012\Projects\AutoLotDALEF\AutoLotDALEF\AutoLotDALEF.csproj", "{E0647502-8763-474E-B1B2-97E7478A6631}"
EndProject
Global
	GlobalSection(SolutionConfigurationPlatforms) = preSolution
		Debug|Any CPU = Debug|Any CPU
		Release|Any CPU = Release|Any CPU
	EndGlobalSection
	GlobalSection(ProjectConfigurationPlatforms) = postSolution
		{F4D0665F-A570-4429-867C-66AAFB88BC4F}.Debug|Any CPU.ActiveCfg = Debug|Any CPU
		{F4D0665F-A570-4429-867C-66AAFB88BC4F}.Debug|Any CPU.Build.0 = Debug|Any CPU
		{F4D0665F-A570-4429-867C-66AAFB88BC4F}.Release|Any CPU.ActiveCfg = Release|Any CPU
		{F4D0665F-A570-4429-867C-66AAFB88BC4F}.Release|Any CPU.Build.0 = Release|Any CPU
		{E0647502-8763-474E-B1B2-97E7478A6631}.Debug|Any CPU.ActiveCfg = Debug|Any CPU
		{E0647502-8763-474E-B1B2-97E7478A6631}.Debug|Any CPU.Build.0 = Debug|Any CPU
		{E0647502-8763-474E-B1B2-97E7478A6631}.Release|Any CPU.ActiveCfg = Release|Any CPU
		{E0647502-8763-474E-B1B2-97E7478A6631}.Release|Any CPU.Build.0 = Release|Any CPU
	EndGlobalSection
	GlobalSection(SolutionProperties) = preSolution
		HideSolutionNode = FALSE
	EndGlobalSection
	GlobalSection(ExtensibilityGlobals) = postSolution
		SolutionGuid = {9AADD6BD-F7F0-4956-9856-7C4791675AC4}
	EndGlobalSection
EndGlobal
